
Microsoft Visual Studio Solution File, Format Version 12.00
# Visual Studio Version 17
VisualStudioVersion = 17.9.34723.18
MinimumVisualStudioVersion = 10.0.40219.1
Project("{9A19103F-16F7-4668-BE54-9A1E7A4F7556}") = "Silicon_ASP_NET_API", "Silicon_ASP_NET_API\Silicon_ASP_NET_API.csproj", "{8543DBAD-6E2C-4D2F-897D-95EFAC453F26}"
EndProject
Project("{9A19103F-16F7-4668-BE54-9A1E7A4F7556}") = "Infrastructure", "Infrastructure\Infrastructure.csproj", "{C23DF3DD-FC06-4CE9-848B-11A902FD0BA7}"
EndProject
Global
	GlobalSection(SolutionConfigurationPlatforms) = preSolution
		Debug|Any CPU = Debug|Any CPU
		Release|Any CPU = Release|Any CPU
	EndGlobalSection
	GlobalSection(ProjectConfigurationPlatforms) = postSolution
		{8543DBAD-6E2C-4D2F-897D-95EFAC453F26}.Debug|Any CPU.ActiveCfg = Debug|Any CPU
		{8543DBAD-6E2C-4D2F-897D-95EFAC453F26}.Debug|Any CPU.Build.0 = Debug|Any CPU
		{8543DBAD-6E2C-4D2F-897D-95EFAC453F26}.Release|Any CPU.ActiveCfg = Release|Any CPU
		{8543DBAD-6E2C-4D2F-897D-95EFAC453F26}.Release|Any CPU.Build.0 = Release|Any CPU
		{C23DF3DD-FC06-4CE9-848B-11A902FD0BA7}.Debug|Any CPU.ActiveCfg = Debug|Any CPU
		{C23DF3DD-FC06-4CE9-848B-11A902FD0BA7}.Debug|Any CPU.Build.0 = Debug|Any CPU
		{C23DF3DD-FC06-4CE9-848B-11A902FD0BA7}.Release|Any CPU.ActiveCfg = Release|Any CPU
		{C23DF3DD-FC06-4CE9-848B-11A902FD0BA7}.Release|Any CPU.Build.0 = Release|Any CPU
	EndGlobalSection
	GlobalSection(SolutionProperties) = preSolution
		HideSolutionNode = FALSE
	EndGlobalSection
	GlobalSection(ExtensibilityGlobals) = postSolution
		SolutionGuid = {8D8D6DB7-58BE-49C0-A4D9-B9363D896992}
	EndGlobalSection
EndGlobal
